// !$*UTF8*$!
{
	archiveVersion = 1;
	classes = {
	};
	objectVersion = 77;
	objects = {

/* Begin PBXContainerItemProxy section */
		F0146C582DC1BA6400626297 /* PBXContainerItemProxy */ = {
			isa = PBXContainerItemProxy;
			containerPortal = F0146C422DC1BA6300626297 /* Project object */;
			proxyType = 1;
			remoteGlobalIDString = F0146C492DC1BA6300626297;
			remoteInfo = EmojiMasker;
		};
		F0146C622DC1BA6400626297 /* PBXContainerItemProxy */ = {
			isa = PBXContainerItemProxy;
			containerPortal = F0146C422DC1BA6300626297 /* Project object */;
			proxyType = 1;
			remoteGlobalIDString = F0146C492DC1BA6300626297;
			remoteInfo = EmojiMasker;
		};
/* End PBXContainerItemProxy section */

/* Begin PBXFileReference section */
		F0146C4A2DC1BA6300626297 /* EmojiMasker.app */ = {isa = PBXFileReference; explicitFileType = wrapper.application; includeInIndex = 0; path = EmojiMasker.app; sourceTree = BUILT_PRODUCTS_DIR; };
		F0146C572DC1BA6400626297 /* EmojiMaskerTests.xctest */ = {isa = PBXFileReference; explicitFileType = wrapper.cfbundle; includeInIndex = 0; path = EmojiMaskerTests.xctest; sourceTree = BUILT_PRODUCTS_DIR; };
		F0146C612DC1BA6400626297 /* EmojiMaskerUITests.xctest */ = {isa = PBXFileReference; explicitFileType = wrapper.cfbundle; includeInIndex = 0; path = EmojiMaskerUITests.xctest; sourceTree = BUILT_PRODUCTS_DIR; };
/* End PBXFileReference section */

/* Begin PBXFileSystemSynchronizedRootGroup section */
		F0146C4C2DC1BA6300626297 /* EmojiMasker */ = {
			isa = PBXFileSystemSynchronizedRootGroup;
			path = EmojiMasker;
			sourceTree = "<group>";
		};
		F0146C5A2DC1BA6400626297 /* EmojiMaskerTests */ = {
			isa = PBXFileSystemSynchronizedRootGroup;
			path = EmojiMaskerTests;
			sourceTree = "<group>";
		};
		F0146C642DC1BA6400626297 /* EmojiMaskerUITests */ = {
			isa = PBXFileSystemSynchronizedRootGroup;
			path = EmojiMaskerUITests;
			sourceTree = "<group>";
		};
/* End PBXFileSystemSynchronizedRootGroup section */

/* Begin PBXFrameworksBuildPhase section */
		F0146C472DC1BA6300626297 /* Frameworks */ = {
			isa = PBXFrameworksBuildPhase;
			buildActionMask = 2147483647;
			files = (
			);
			runOnlyForDeploymentPostprocessing = 0;
		};
		F0146C542DC1BA6400626297 /* Frameworks */ = {
			isa = PBXFrameworksBuildPhase;
			buildActionMask = 2147483647;
			files = (
			);
			runOnlyForDeploymentPostprocessing = 0;
		};
		F0146C5E2DC1BA6400626297 /* Frameworks */ = {
			isa = PBXFrameworksBuildPhase;
			buildActionMask = 2147483647;
			files = (
			);
			runOnlyForDeploymentPostprocessing = 0;
		};
/* End PBXFrameworksBuildPhase section */

/* Begin PBXGroup section */
		F0146C412DC1BA6300626297 = {
			isa = PBXGroup;
			children = (
				F0146C4C2DC1BA6300626297 /* EmojiMasker */,
				F0146C5A2DC1BA6400626297 /* EmojiMaskerTests */,
				F0146C642DC1BA6400626297 /* EmojiMaskerUITests */,
				F0146C4B2DC1BA6300626297 /* Products */,
			);
			sourceTree = "<group>";
		};
		F0146C4B2DC1BA6300626297 /* Products */ = {
			isa = PBXGroup;
			children = (
				F0146C4A2DC1BA6300626297 /* EmojiMasker.app */,
				F0146C572DC1BA6400626297 /* EmojiMaskerTests.xctest */,
				F0146C612DC1BA6400626297 /* EmojiMaskerUITests.xctest */,
			);
			name = Products;
			sourceTree = "<group>";
		};
/* End PBXGroup section */

/* Begin PBXNativeTarget section */
		F0146C492DC1BA6300626297 /* EmojiMasker */ = {
			isa = PBXNativeTarget;
			buildConfigurationList = F0146C6B2DC1BA6400626297 /* Build configuration list for PBXNativeTarget "EmojiMasker" */;
			buildPhases = (
				F0146C462DC1BA6300626297 /* Sources */,
				F0146C472DC1BA6300626297 /* Frameworks */,
				F0146C482DC1BA6300626297 /* Resources */,
			);
			buildRules = (
			);
			dependencies = (
			);
			fileSystemSynchronizedGroups = (
				F0146C4C2DC1BA6300626297 /* EmojiMasker */,
			);
			name = EmojiMasker;
			packageProductDependencies = (
			);
			productName = EmojiMasker;
			productReference = F0146C4A2DC1BA6300626297 /* EmojiMasker.app */;
			productType = "com.apple.product-type.application";
		};
		F0146C562DC1BA6400626297 /* EmojiMaskerTests */ = {
			isa = PBXNativeTarget;
			buildConfigurationList = F0146C6E2DC1BA6400626297 /* Build configuration list for PBXNativeTarget "EmojiMaskerTests" */;
			buildPhases = (
				F0146C532DC1BA6400626297 /* Sources */,
				F0146C542DC1BA6400626297 /* Frameworks */,
				F0146C552DC1BA6400626297 /* Resources */,
			);
			buildRules = (
			);
			dependencies = (
				F0146C592DC1BA6400626297 /* PBXTargetDependency */,
			);
			fileSystemSynchronizedGroups = (
				F0146C5A2DC1BA6400626297 /* EmojiMaskerTests */,
			);
			name = EmojiMaskerTests;
			packageProductDependencies = (
			);
			productName = EmojiMaskerTests;
			productReference = F0146C572DC1BA6400626297 /* EmojiMaskerTests.xctest */;
			productType = "com.apple.product-type.bundle.unit-test";
		};
		F0146C602DC1BA6400626297 /* EmojiMaskerUITests */ = {
			isa = PBXNativeTarget;
			buildConfigurationList = F0146C712DC1BA6400626297 /* Build configuration list for PBXNativeTarget "EmojiMaskerUITests" */;
			buildPhases = (
				F0146C5D2DC1BA6400626297 /* Sources */,
				F0146C5E2DC1BA6400626297 /* Frameworks */,
				F0146C5F2DC1BA6400626297 /* Resources */,
			);
			buildRules = (
			);
			dependencies = (
				F0146C632DC1BA6400626297 /* PBXTargetDependency */,
			);
			fileSystemSynchronizedGroups = (
				F0146C642DC1BA6400626297 /* EmojiMaskerUITests */,
			);
			name = EmojiMaskerUITests;
			packageProductDependencies = (
			);
			productName = EmojiMaskerUITests;
			productReference = F0146C612DC1BA6400626297 /* EmojiMaskerUITests.xctest */;
			productType = "com.apple.product-type.bundle.ui-testing";
		};
/* End PBXNativeTarget section */

/* Begin PBXProject section */
		F0146C422DC1BA6300626297 /* Project object */ = {
			isa = PBXProject;
			attributes = {
				BuildIndependentTargetsInParallel = 1;
				LastSwiftUpdateCheck = 1630;
				LastUpgradeCheck = 1630;
				TargetAttributes = {
					F0146C492DC1BA6300626297 = {
						CreatedOnToolsVersion = 16.3;
					};
					F0146C562DC1BA6400626297 = {
						CreatedOnToolsVersion = 16.3;
						TestTargetID = F0146C492DC1BA6300626297;
					};
					F0146C602DC1BA6400626297 = {
						CreatedOnToolsVersion = 16.3;
						TestTargetID = F0146C492DC1BA6300626297;
					};
				};
			};
			buildConfigurationList = F0146C452DC1BA6300626297 /* Build configuration list for PBXProject "EmojiMasker" */;
			developmentRegion = en;
			hasScannedForEncodings = 0;
			knownRegions = (
				en,
				Base,
			);
			mainGroup = F0146C412DC1BA6300626297;
			minimizedProjectReferenceProxies = 1;
			preferredProjectObjectVersion = 77;
			productRefGroup = F0146C4B2DC1BA6300626297 /* Products */;
			projectDirPath = "";
			projectRoot = "";
			targets = (
				F0146C492DC1BA6300626297 /* EmojiMasker */,
				F0146C562DC1BA6400626297 /* EmojiMaskerTests */,
				F0146C602DC1BA6400626297 /* EmojiMaskerUITests */,
			);
		};
/* End PBXProject section */

/* Begin PBXResourcesBuildPhase section */
		F0146C482DC1BA6300626297 /* Resources */ = {
			isa = PBXResourcesBuildPhase;
			buildActionMask = 2147483647;
			files = (
			);
			runOnlyForDeploymentPostprocessing = 0;
		};
		F0146C552DC1BA6400626297 /* Resources */ = {
			isa = PBXResourcesBuildPhase;
			buildActionMask = 2147483647;
			files = (
			);
			runOnlyForDeploymentPostprocessing = 0;
		};
		F0146C5F2DC1BA6400626297 /* Resources */ = {
			isa = PBXResourcesBuildPhase;
			buildActionMask = 2147483647;
			files = (
			);
			runOnlyForDeploymentPostprocessing = 0;
		};
/* End PBXResourcesBuildPhase section */

/* Begin PBXSourcesBuildPhase section */
		F0146C462DC1BA6300626297 /* Sources */ = {
			isa = PBXSourcesBuildPhase;
			buildActionMask = 2147483647;
			files = (
			);
			runOnlyForDeploymentPostprocessing = 0;
		};
		F0146C532DC1BA6400626297 /* Sources */ = {
			isa = PBXSourcesBuildPhase;
			buildActionMask = 2147483647;
			files = (
			);
			runOnlyForDeploymentPostprocessing = 0;
		};
		F0146C5D2DC1BA6400626297 /* Sources */ = {
			isa = PBXSourcesBuildPhase;
			buildActionMask = 2147483647;
			files = (
			);
			runOnlyForDeploymentPostprocessing = 0;
		};
/* End PBXSourcesBuildPhase section */

/* Begin PBXTargetDependency section */
		F0146C592DC1BA6400626297 /* PBXTargetDependency */ = {
			isa = PBXTargetDependency;
			target = F0146C492DC1BA6300626297 /* EmojiMasker */;
			targetProxy = F0146C582DC1BA6400626297 /* PBXContainerItemProxy */;
		};
		F0146C632DC1BA6400626297 /* PBXTargetDependency */ = {
			isa = PBXTargetDependency;
			target = F0146C492DC1BA6300626297 /* EmojiMasker */;
			targetProxy = F0146C622DC1BA6400626297 /* PBXContainerItemProxy */;
		};
/* End PBXTargetDependency section */

/* Begin XCBuildConfiguration section */
		F0146C692DC1BA6400626297 /* Debug */ = {
			isa = XCBuildConfiguration;
			buildSettings = {
				ALWAYS_SEARCH_USER_PATHS = NO;
				ASSETCATALOG_COMPILER_GENERATE_SWIFT_ASSET_SYMBOL_EXTENSIONS = YES;
				CLANG_ANALYZER_NONNULL = YES;
				CLANG_ANALYZER_NUMBER_OBJECT_CONVERSION = YES_AGGRESSIVE;
				CLANG_CXX_LANGUAGE_STANDARD = "gnu++20";
				CLANG_ENABLE_MODULES = YES;
				CLANG_ENABLE_OBJC_ARC = YES;
				CLANG_ENABLE_OBJC_WEAK = YES;
				CLANG_WARN_BLOCK_CAPTURE_AUTORELEASING = YES;
				CLANG_WARN_BOOL_CONVERSION = YES;
				CLANG_WARN_COMMA = YES;
				CLANG_WARN_CONSTANT_CONVERSION = YES;
				CLANG_WARN_DEPRECATED_OBJC_IMPLEMENTATIONS = YES;
				CLANG_WARN_DIRECT_OBJC_ISA_USAGE = YES_ERROR;
				CLANG_WARN_DOCUMENTATION_COMMENTS = YES;
				CLANG_WARN_EMPTY_BODY = YES;
				CLANG_WARN_ENUM_CONVERSION = YES;
				CLANG_WARN_INFINITE_RECURSION = YES;
				CLANG_WARN_INT_CONVERSION = YES;
				CLANG_WARN_NON_LITERAL_NULL_CONVERSION = YES;
				CLANG_WARN_OBJC_IMPLICIT_RETAIN_SELF = YES;
				CLANG_WARN_OBJC_LITERAL_CONVERSION = YES;
				CLANG_WARN_OBJC_ROOT_CLASS = YES_ERROR;
				CLANG_WARN_QUOTED_INCLUDE_IN_FRAMEWORK_HEADER = YES;
				CLANG_WARN_RANGE_LOOP_ANALYSIS = YES;
				CLANG_WARN_STRICT_PROTOTYPES = YES;
				CLANG_WARN_SUSPICIOUS_MOVE = YES;
				CLANG_WARN_UNGUARDED_AVAILABILITY = YES_AGGRESSIVE;
				CLANG_WARN_UNREACHABLE_CODE = YES;
				CLANG_WARN__DUPLICATE_METHOD_MATCH = YES;
				COPY_PHASE_STRIP = NO;
				DEBUG_INFORMATION_FORMAT = dwarf;
				DEVELOPMENT_TEAM = U8P79Q868Q;
				ENABLE_STRICT_OBJC_MSGSEND = YES;
				ENABLE_TESTABILITY = YES;
				ENABLE_USER_SCRIPT_SANDBOXING = YES;
				GCC_C_LANGUAGE_STANDARD = gnu17;
				GCC_DYNAMIC_NO_PIC = NO;
				GCC_NO_COMMON_BLOCKS = YES;
				GCC_OPTIMIZATION_LEVEL = 0;
				GCC_PREPROCESSOR_DEFINITIONS = (
					"DEBUG=1",
					"$(inherited)",
				);
				GCC_WARN_64_TO_32_BIT_CONVERSION = YES;
				GCC_WARN_ABOUT_RETURN_TYPE = YES_ERROR;
				GCC_WARN_UNDECLARED_SELECTOR = YES;
				GCC_WARN_UNINITIALIZED_AUTOS = YES_AGGRESSIVE;
				GCC_WARN_UNUSED_FUNCTION = YES;
				GCC_WARN_UNUSED_VARIABLE = YES;
				IPHONEOS_DEPLOYMENT_TARGET = 18.4;
				LOCALIZATION_PREFERS_STRING_CATALOGS = YES;
				MTL_ENABLE_DEBUG_INFO = INCLUDE_SOURCE;
				MTL_FAST_MATH = YES;
				ONLY_ACTIVE_ARCH = YES;
				SDKROOT = iphoneos;
				SWIFT_ACTIVE_COMPILATION_CONDITIONS = "DEBUG $(inherited)";
				SWIFT_OPTIMIZATION_LEVEL = "-Onone";
			};
			name = Debug;
		};
		F0146C6A2DC1BA6400626297 /* Release */ = {
			isa = XCBuildConfiguration;
			buildSettings = {
				ALWAYS_SEARCH_USER_PATHS = NO;
				ASSETCATALOG_COMPILER_GENERATE_SWIFT_ASSET_SYMBOL_EXTENSIONS = YES;
				CLANG_ANALYZER_NONNULL = YES;
				CLANG_ANALYZER_NUMBER_OBJECT_CONVERSION = YES_AGGRESSIVE;
				CLANG_CXX_LANGUAGE_STANDARD = "gnu++20";
				CLANG_ENABLE_MODULES = YES;
				CLANG_ENABLE_OBJC_ARC = YES;
				CLANG_ENABLE_OBJC_WEAK = YES;
				CLANG_WARN_BLOCK_CAPTURE_AUTORELEASING = YES;
				CLANG_WARN_BOOL_CONVERSION = YES;
				CLANG_WARN_COMMA = YES;
				CLANG_WARN_CONSTANT_CONVERSION = YES;
				CLANG_WARN_DEPRECATED_OBJC_IMPLEMENTATIONS = YES;
				CLANG_WARN_DIRECT_OBJC_ISA_USAGE = YES_ERROR;
				CLANG_WARN_DOCUMENTATION_COMMENTS = YES;
				CLANG_WARN_EMPTY_BODY = YES;
				CLANG_WARN_ENUM_CONVERSION = YES;
				CLANG_WARN_INFINITE_RECURSION = YES;
				CLANG_WARN_INT_CONVERSION = YES;
				CLANG_WARN_NON_LITERAL_NULL_CONVERSION = YES;
				CLANG_WARN_OBJC_IMPLICIT_RETAIN_SELF = YES;
				CLANG_WARN_OBJC_LITERAL_CONVERSION = YES;
				CLANG_WARN_OBJC_ROOT_CLASS = YES_ERROR;
				CLANG_WARN_QUOTED_INCLUDE_IN_FRAMEWORK_HEADER = YES;
				CLANG_WARN_RANGE_LOOP_ANALYSIS = YES;
				CLANG_WARN_STRICT_PROTOTYPES = YES;
				CLANG_WARN_SUSPICIOUS_MOVE = YES;
				CLANG_WARN_UNGUARDED_AVAILABILITY = YES_AGGRESSIVE;
				CLANG_WARN_UNREACHABLE_CODE = YES;
				CLANG_WARN__DUPLICATE_METHOD_MATCH = YES;
				COPY_PHASE_STRIP = NO;
				DEBUG_INFORMATION_FORMAT = "dwarf-with-dsym";
				DEVELOPMENT_TEAM = U8P79Q868Q;
				ENABLE_NS_ASSERTIONS = NO;
				ENABLE_STRICT_OBJC_MSGSEND = YES;
				ENABLE_USER_SCRIPT_SANDBOXING = YES;
				GCC_C_LANGUAGE_STANDARD = gnu17;
				GCC_NO_COMMON_BLOCKS = YES;
				GCC_WARN_64_TO_32_BIT_CONVERSION = YES;
				GCC_WARN_ABOUT_RETURN_TYPE = YES_ERROR;
				GCC_WARN_UNDECLARED_SELECTOR = YES;
				GCC_WARN_UNINITIALIZED_AUTOS = YES_AGGRESSIVE;
				GCC_WARN_UNUSED_FUNCTION = YES;
				GCC_WARN_UNUSED_VARIABLE = YES;
				IPHONEOS_DEPLOYMENT_TARGET = 18.4;
				LOCALIZATION_PREFERS_STRING_CATALOGS = YES;
				MTL_ENABLE_DEBUG_INFO = NO;
				MTL_FAST_MATH = YES;
				SDKROOT = iphoneos;
				SWIFT_COMPILATION_MODE = wholemodule;
				VALIDATE_PRODUCT = YES;
			};
			name = Release;
		};
		F0146C6C2DC1BA6400626297 /* Debug */ = {
			isa = XCBuildConfiguration;
			buildSettings = {
				ASSETCATALOG_COMPILER_APPICON_NAME = AppIcon;
				ASSETCATALOG_COMPILER_GLOBAL_ACCENT_COLOR_NAME = AccentColor;
				CODE_SIGN_STYLE = Automatic;
				CURRENT_PROJECT_VERSION = 1;
				DEVELOPMENT_TEAM = U8P79Q868Q;
				ENABLE_PREVIEWS = YES;
				GENERATE_INFOPLIST_FILE = YES;
				INFOPLIST_KEY_NSCameraUsageDescription = "Camera access is required for face detection";
				INFOPLIST_KEY_NSMicrophoneUsageDescription = "Microphone access is required to record audio with video";
				INFOPLIST_KEY_NSPhotoLibraryUsageDescription = "Photo library access is required to save recorded videos";
				INFOPLIST_KEY_UIApplicationSceneManifest_Generation = YES;
				INFOPLIST_KEY_UIApplicationSupportsIndirectInputEvents = YES;
				INFOPLIST_KEY_UILaunchScreen_Generation = YES;
				INFOPLIST_KEY_UISupportedInterfaceOrientations_iPad = "UIInterfaceOrientationPortrait UIInterfaceOrientationPortraitUpsideDown UIInterfaceOrientationLandscapeLeft UIInterfaceOrientationLandscapeRight";
				INFOPLIST_KEY_UISupportedInterfaceOrientations_iPhone = "UIInterfaceOrientationPortrait UIInterfaceOrientationLandscapeLeft UIInterfaceOrientationLandscapeRight";
				LD_RUNPATH_SEARCH_PATHS = (
					"$(inherited)",
					"@executable_path/Frameworks",
				);
				MARKETING_VERSION = 1.0;
				PRODUCT_BUNDLE_IDENTIFIER = com.walley.EmojiMasker;
				PRODUCT_NAME = "$(TARGET_NAME)";
				SWIFT_EMIT_LOC_STRINGS = YES;
				SWIFT_VERSION = 5.0;
				TARGETED_DEVICE_FAMILY = "1,2";
			};
			name = Debug;
		};
		F0146C6D2DC1BA6400626297 /* Release */ = {
			isa = XCBuildConfiguration;
			buildSettings = {
				ASSETCATALOG_COMPILER_APPICON_NAME = AppIcon;
				ASSETCATALOG_COMPILER_GLOBAL_ACCENT_COLOR_NAME = AccentColor;
				CODE_SIGN_STYLE = Automatic;
				CURRENT_PROJECT_VERSION = 1;
				DEVELOPMENT_TEAM = U8P79Q868Q;
				ENABLE_PREVIEWS = YES;
				GENERATE_INFOPLIST_FILE = YES;
				INFOPLIST_KEY_NSCameraUsageDescription = "Camera access is required for face detection";
				INFOPLIST_KEY_NSMicrophoneUsageDescription = "Microphone access is required to record audio with video";
				INFOPLIST_KEY_NSPhotoLibraryUsageDescription = "Photo library access is required to save recorded videos";
				INFOPLIST_KEY_UIApplicationSceneManifest_Generation = YES;
				INFOPLIST_KEY_UIApplicationSupportsIndirectInputEvents = YES;
				INFOPLIST_KEY_UILaunchScreen_Generation = YES;
				INFOPLIST_KEY_UISupportedInterfaceOrientations_iPad = "UIInterfaceOrientationPortrait UIInterfaceOrientationPortraitUpsideDown UIInterfaceOrientationLandscapeLeft UIInterfaceOrientationLandscapeRight";
				INFOPLIST_KEY_UISupportedInterfaceOrientations_iPhone = "UIInterfaceOrientationPortrait UIInterfaceOrientationLandscapeLeft UIInterfaceOrientationLandscapeRight";
				LD_RUNPATH_SEARCH_PATHS = (
					"$(inherited)",
					"@executable_path/Frameworks",
				);
				MARKETING_VERSION = 1.0;
				PRODUCT_BUNDLE_IDENTIFIER = com.walley.EmojiMasker;
				PRODUCT_NAME = "$(TARGET_NAME)";
				SWIFT_EMIT_LOC_STRINGS = YES;
				SWIFT_VERSION = 5.0;
				TARGETED_DEVICE_FAMILY = "1,2";
			};
			name = Release;
		};
		F0146C6F2DC1BA6400626297 /* Debug */ = {
			isa = XCBuildConfiguration;
			buildSettings = {
				BUNDLE_LOADER = "$(TEST_HOST)";
				CODE_SIGN_STYLE = Automatic;
				CURRENT_PROJECT_VERSION = 1;
				DEVELOPMENT_TEAM = U8P79Q868Q;
				GENERATE_INFOPLIST_FILE = YES;
				IPHONEOS_DEPLOYMENT_TARGET = 18.4;
				MARKETING_VERSION = 1.0;
				PRODUCT_BUNDLE_IDENTIFIER = com.walley.EmojiMaskerTests;
				PRODUCT_NAME = "$(TARGET_NAME)";
				SWIFT_EMIT_LOC_STRINGS = NO;
				SWIFT_VERSION = 5.0;
				TARGETED_DEVICE_FAMILY = "1,2";
				TEST_HOST = "$(BUILT_PRODUCTS_DIR)/EmojiMasker.app/$(BUNDLE_EXECUTABLE_FOLDER_PATH)/EmojiMasker";
			};
			name = Debug;
		};
		F0146C702DC1BA6400626297 /* Release */ = {
			isa = XCBuildConfiguration;
			buildSettings = {
				BUNDLE_LOADER = "$(TEST_HOST)";
				CODE_SIGN_STYLE = Automatic;
				CURRENT_PROJECT_VERSION = 1;
				DEVELOPMENT_TEAM = U8P79Q868Q;
				GENERATE_INFOPLIST_FILE = YES;
				IPHONEOS_DEPLOYMENT_TARGET = 18.4;
				MARKETING_VERSION = 1.0;
				PRODUCT_BUNDLE_IDENTIFIER = com.walley.EmojiMaskerTests;
				PRODUCT_NAME = "$(TARGET_NAME)";
				SWIFT_EMIT_LOC_STRINGS = NO;
				SWIFT_VERSION = 5.0;
				TARGETED_DEVICE_FAMILY = "1,2";
				TEST_HOST = "$(BUILT_PRODUCTS_DIR)/EmojiMasker.app/$(BUNDLE_EXECUTABLE_FOLDER_PATH)/EmojiMasker";
			};
			name = Release;
		};
		F0146C722DC1BA6400626297 /* Debug */ = {
			isa = XCBuildConfiguration;
			buildSettings = {
				CODE_SIGN_STYLE = Automatic;
				CURRENT_PROJECT_VERSION = 1;
				DEVELOPMENT_TEAM = U8P79Q868Q;
				GENERATE_INFOPLIST_FILE = YES;
				MARKETING_VERSION = 1.0;
				PRODUCT_BUNDLE_IDENTIFIER = com.walley.EmojiMaskerUITests;
				PRODUCT_NAME = "$(TARGET_NAME)";
				SWIFT_EMIT_LOC_STRINGS = NO;
				SWIFT_VERSION = 5.0;
				TARGETED_DEVICE_FAMILY = "1,2";
				TEST_TARGET_NAME = EmojiMasker;
			};
			name = Debug;
		};
		F0146C732DC1BA6400626297 /* Release */ = {
			isa = XCBuildConfiguration;
			buildSettings = {
				CODE_SIGN_STYLE = Automatic;
				CURRENT_PROJECT_VERSION = 1;
				DEVELOPMENT_TEAM = U8P79Q868Q;
				GENERATE_INFOPLIST_FILE = YES;
				MARKETING_VERSION = 1.0;
				PRODUCT_BUNDLE_IDENTIFIER = com.walley.EmojiMaskerUITests;
				PRODUCT_NAME = "$(TARGET_NAME)";
				SWIFT_EMIT_LOC_STRINGS = NO;
				SWIFT_VERSION = 5.0;
				TARGETED_DEVICE_FAMILY = "1,2";
				TEST_TARGET_NAME = EmojiMasker;
			};
			name = Release;
		};
/* End XCBuildConfiguration section */

/* Begin XCConfigurationList section */
		F0146C452DC1BA6300626297 /* Build configuration list for PBXProject "EmojiMasker" */ = {
			isa = XCConfigurationList;
			buildConfigurations = (
				F0146C692DC1BA6400626297 /* Debug */,
				F0146C6A2DC1BA6400626297 /* Release */,
			);
			defaultConfigurationIsVisible = 0;
			defaultConfigurationName = Release;
		};
		F0146C6B2DC1BA6400626297 /* Build configuration list for PBXNativeTarget "EmojiMasker" */ = {
			isa = XCConfigurationList;
			buildConfigurations = (
				F0146C6C2DC1BA6400626297 /* Debug */,
				F0146C6D2DC1BA6400626297 /* Release */,
			);
			defaultConfigurationIsVisible = 0;
			defaultConfigurationName = Release;
		};
		F0146C6E2DC1BA6400626297 /* Build configuration list for PBXNativeTarget "EmojiMaskerTests" */ = {
			isa = XCConfigurationList;
			buildConfigurations = (
				F0146C6F2DC1BA6400626297 /* Debug */,
				F0146C702DC1BA6400626297 /* Release */,
			);
			defaultConfigurationIsVisible = 0;
			defaultConfigurationName = Release;
		};
		F0146C712DC1BA6400626297 /* Build configuration list for PBXNativeTarget "EmojiMaskerUITests" */ = {
			isa = XCConfigurationList;
			buildConfigurations = (
				F0146C722DC1BA6400626297 /* Debug */,
				F0146C732DC1BA6400626297 /* Release */,
			);
			defaultConfigurationIsVisible = 0;
			defaultConfigurationName = Release;
		};
/* End XCConfigurationList section */
	};
	rootObject = F0146C422DC1BA6300626297 /* Project object */;
}
